
Microsoft Visual Studio Solution File, Format Version 12.00
# Visual Studio Version 17
VisualStudioVersion = 17.9.34607.119
MinimumVisualStudioVersion = 10.0.40219.1
Project("{FAE04EC0-301F-11D3-BF4B-00C04F79EFBC}") = "dotnetcoremorningclass", "dotnetcoremorningclass.csproj", "{5113BDB3-F0E2-48EC-8981-B65D0A0CD129}"
EndProject
Global
	GlobalSection(SolutionConfigurationPlatforms) = preSolution
		Debug|Any CPU = Debug|Any CPU
		Release|Any CPU = Release|Any CPU
	EndGlobalSection
	GlobalSection(ProjectConfigurationPlatforms) = postSolution
		{5113BDB3-F0E2-48EC-8981-B65D0A0CD129}.Debug|Any CPU.ActiveCfg = Debug|Any CPU
		{5113BDB3-F0E2-48EC-8981-B65D0A0CD129}.Debug|Any CPU.Build.0 = Debug|Any CPU
		{5113BDB3-F0E2-48EC-8981-B65D0A0CD129}.Release|Any CPU.ActiveCfg = Release|Any CPU
		{5113BDB3-F0E2-48EC-8981-B65D0A0CD129}.Release|Any CPU.Build.0 = Release|Any CPU
	EndGlobalSection
	GlobalSection(SolutionProperties) = preSolution
		HideSolutionNode = FALSE
	EndGlobalSection
	GlobalSection(ExtensibilityGlobals) = postSolution
		SolutionGuid = {02247F42-9424-45C4-BADE-DA221C40A9A0}
	EndGlobalSection
EndGlobal
